// !$*UTF8*$!
{
	archiveVersion = 1;
	classes = {
	};
	objectVersion = 50;
	objects = {

/* Begin PBXBuildFile section */
		8234B948427E698A2F90DDE8 /* Pods_GonetAppUITests.framework in Frameworks */ = {isa = PBXBuildFile; fileRef = C1E93C7130AF804F6327EF36 /* Pods_GonetAppUITests.framework */; };
		88632B8522239717006B0F16 /* HomeViewController.swift in Sources */ = {isa = PBXBuildFile; fileRef = 88632B8422239717006B0F16 /* HomeViewController.swift */; };
		88908084221BC3BB00A3044D /* AppDelegate.swift in Sources */ = {isa = PBXBuildFile; fileRef = 88908083221BC3BB00A3044D /* AppDelegate.swift */; };
		88908086221BC3BB00A3044D /* ViewController.swift in Sources */ = {isa = PBXBuildFile; fileRef = 88908085221BC3BB00A3044D /* ViewController.swift */; };
		88908089221BC3BB00A3044D /* Main.storyboard in Resources */ = {isa = PBXBuildFile; fileRef = 88908087221BC3BB00A3044D /* Main.storyboard */; };
		8890808C221BC3BB00A3044D /* GonetApp.xcdatamodeld in Sources */ = {isa = PBXBuildFile; fileRef = 8890808A221BC3BB00A3044D /* GonetApp.xcdatamodeld */; };
		8890808E221BC3BD00A3044D /* Assets.xcassets in Resources */ = {isa = PBXBuildFile; fileRef = 8890808D221BC3BD00A3044D /* Assets.xcassets */; };
		88908091221BC3BD00A3044D /* LaunchScreen.storyboard in Resources */ = {isa = PBXBuildFile; fileRef = 8890808F221BC3BD00A3044D /* LaunchScreen.storyboard */; };
		8890809C221BC3BD00A3044D /* GonetAppTests.swift in Sources */ = {isa = PBXBuildFile; fileRef = 8890809B221BC3BD00A3044D /* GonetAppTests.swift */; };
		889080A7221BC3BD00A3044D /* GonetAppUITests.swift in Sources */ = {isa = PBXBuildFile; fileRef = 889080A6221BC3BD00A3044D /* GonetAppUITests.swift */; };
		889080B5221BC40B00A3044D /* LogInViewController.swift in Sources */ = {isa = PBXBuildFile; fileRef = 889080B4221BC40B00A3044D /* LogInViewController.swift */; };
		889080BA221C943800A3044D /* GoogleService-Info.plist in Resources */ = {isa = PBXBuildFile; fileRef = 889080B9221C943800A3044D /* GoogleService-Info.plist */; };
		A294C773089CDA3AAEC1DF95 /* Pods_GonetApp.framework in Frameworks */ = {isa = PBXBuildFile; fileRef = B91DE092B34B398E59FDB196 /* Pods_GonetApp.framework */; };
		E3F5D7C13C8EB1F11CF74C8F /* Pods_GonetAppTests.framework in Frameworks */ = {isa = PBXBuildFile; fileRef = 1D261E115FDCB61B831C3787 /* Pods_GonetAppTests.framework */; };
/* End PBXBuildFile section */

/* Begin PBXContainerItemProxy section */
		88908098221BC3BD00A3044D /* PBXContainerItemProxy */ = {
			isa = PBXContainerItemProxy;
			containerPortal = 88908078221BC3BB00A3044D /* Project object */;
			proxyType = 1;
			remoteGlobalIDString = 8890807F221BC3BB00A3044D;
			remoteInfo = GonetApp;
		};
		889080A3221BC3BD00A3044D /* PBXContainerItemProxy */ = {
			isa = PBXContainerItemProxy;
			containerPortal = 88908078221BC3BB00A3044D /* Project object */;
			proxyType = 1;
			remoteGlobalIDString = 8890807F221BC3BB00A3044D;
			remoteInfo = GonetApp;
		};
/* End PBXContainerItemProxy section */

/* Begin PBXFileReference section */
		095DA7DB559169FA3B29A770 /* Pods-GonetApp.debug.xcconfig */ = {isa = PBXFileReference; includeInIndex = 1; lastKnownFileType = text.xcconfig; name = "Pods-GonetApp.debug.xcconfig"; path = "Target Support Files/Pods-GonetApp/Pods-GonetApp.debug.xcconfig"; sourceTree = "<group>"; };
		0A2E476798897CA15EF324FE /* Pods-GonetAppTests.debug.xcconfig */ = {isa = PBXFileReference; includeInIndex = 1; lastKnownFileType = text.xcconfig; name = "Pods-GonetAppTests.debug.xcconfig"; path = "Target Support Files/Pods-GonetAppTests/Pods-GonetAppTests.debug.xcconfig"; sourceTree = "<group>"; };
		1D261E115FDCB61B831C3787 /* Pods_GonetAppTests.framework */ = {isa = PBXFileReference; explicitFileType = wrapper.framework; includeInIndex = 0; path = Pods_GonetAppTests.framework; sourceTree = BUILT_PRODUCTS_DIR; };
		42E7047A02DD80031A518A01 /* Pods-GonetAppTests.release.xcconfig */ = {isa = PBXFileReference; includeInIndex = 1; lastKnownFileType = text.xcconfig; name = "Pods-GonetAppTests.release.xcconfig"; path = "Target Support Files/Pods-GonetAppTests/Pods-GonetAppTests.release.xcconfig"; sourceTree = "<group>"; };
		88632B8422239717006B0F16 /* HomeViewController.swift */ = {isa = PBXFileReference; lastKnownFileType = sourcecode.swift; path = HomeViewController.swift; sourceTree = "<group>"; };
		88908080221BC3BB00A3044D /* GonetApp.app */ = {isa = PBXFileReference; explicitFileType = wrapper.application; includeInIndex = 0; path = GonetApp.app; sourceTree = BUILT_PRODUCTS_DIR; };
		88908083221BC3BB00A3044D /* AppDelegate.swift */ = {isa = PBXFileReference; lastKnownFileType = sourcecode.swift; path = AppDelegate.swift; sourceTree = "<group>"; };
		88908085221BC3BB00A3044D /* ViewController.swift */ = {isa = PBXFileReference; lastKnownFileType = sourcecode.swift; path = ViewController.swift; sourceTree = "<group>"; };
		88908088221BC3BB00A3044D /* Base */ = {isa = PBXFileReference; lastKnownFileType = file.storyboard; name = Base; path = Base.lproj/Main.storyboard; sourceTree = "<group>"; };
		8890808B221BC3BB00A3044D /* GonetApp.xcdatamodel */ = {isa = PBXFileReference; lastKnownFileType = wrapper.xcdatamodel; path = GonetApp.xcdatamodel; sourceTree = "<group>"; };
		8890808D221BC3BD00A3044D /* Assets.xcassets */ = {isa = PBXFileReference; lastKnownFileType = folder.assetcatalog; path = Assets.xcassets; sourceTree = "<group>"; };
		88908090221BC3BD00A3044D /* Base */ = {isa = PBXFileReference; lastKnownFileType = file.storyboard; name = Base; path = Base.lproj/LaunchScreen.storyboard; sourceTree = "<group>"; };
		88908092221BC3BD00A3044D /* Info.plist */ = {isa = PBXFileReference; lastKnownFileType = text.plist.xml; path = Info.plist; sourceTree = "<group>"; };
		88908097221BC3BD00A3044D /* GonetAppTests.xctest */ = {isa = PBXFileReference; explicitFileType = wrapper.cfbundle; includeInIndex = 0; path = GonetAppTests.xctest; sourceTree = BUILT_PRODUCTS_DIR; };
		8890809B221BC3BD00A3044D /* GonetAppTests.swift */ = {isa = PBXFileReference; lastKnownFileType = sourcecode.swift; path = GonetAppTests.swift; sourceTree = "<group>"; };
		8890809D221BC3BD00A3044D /* Info.plist */ = {isa = PBXFileReference; lastKnownFileType = text.plist.xml; path = Info.plist; sourceTree = "<group>"; };
		889080A2221BC3BD00A3044D /* GonetAppUITests.xctest */ = {isa = PBXFileReference; explicitFileType = wrapper.cfbundle; includeInIndex = 0; path = GonetAppUITests.xctest; sourceTree = BUILT_PRODUCTS_DIR; };
		889080A6221BC3BD00A3044D /* GonetAppUITests.swift */ = {isa = PBXFileReference; lastKnownFileType = sourcecode.swift; path = GonetAppUITests.swift; sourceTree = "<group>"; };
		889080A8221BC3BD00A3044D /* Info.plist */ = {isa = PBXFileReference; lastKnownFileType = text.plist.xml; path = Info.plist; sourceTree = "<group>"; };
		889080B4221BC40B00A3044D /* LogInViewController.swift */ = {isa = PBXFileReference; lastKnownFileType = sourcecode.swift; path = LogInViewController.swift; sourceTree = "<group>"; };
		889080B9221C943800A3044D /* GoogleService-Info.plist */ = {isa = PBXFileReference; fileEncoding = 4; lastKnownFileType = text.plist.xml; path = "GoogleService-Info.plist"; sourceTree = "<group>"; };
		8DFE12211BC26FACC275361A /* Pods-GonetAppUITests.release.xcconfig */ = {isa = PBXFileReference; includeInIndex = 1; lastKnownFileType = text.xcconfig; name = "Pods-GonetAppUITests.release.xcconfig"; path = "Target Support Files/Pods-GonetAppUITests/Pods-GonetAppUITests.release.xcconfig"; sourceTree = "<group>"; };
		924A04A6D6625D4FD933CA22 /* Pods-GonetApp.release.xcconfig */ = {isa = PBXFileReference; includeInIndex = 1; lastKnownFileType = text.xcconfig; name = "Pods-GonetApp.release.xcconfig"; path = "Target Support Files/Pods-GonetApp/Pods-GonetApp.release.xcconfig"; sourceTree = "<group>"; };
		9365A999643B17392BCAD2F7 /* Pods-GonetAppUITests.debug.xcconfig */ = {isa = PBXFileReference; includeInIndex = 1; lastKnownFileType = text.xcconfig; name = "Pods-GonetAppUITests.debug.xcconfig"; path = "Target Support Files/Pods-GonetAppUITests/Pods-GonetAppUITests.debug.xcconfig"; sourceTree = "<group>"; };
		B91DE092B34B398E59FDB196 /* Pods_GonetApp.framework */ = {isa = PBXFileReference; explicitFileType = wrapper.framework; includeInIndex = 0; path = Pods_GonetApp.framework; sourceTree = BUILT_PRODUCTS_DIR; };
		C1E93C7130AF804F6327EF36 /* Pods_GonetAppUITests.framework */ = {isa = PBXFileReference; explicitFileType = wrapper.framework; includeInIndex = 0; path = Pods_GonetAppUITests.framework; sourceTree = BUILT_PRODUCTS_DIR; };
/* End PBXFileReference section */

/* Begin PBXFrameworksBuildPhase section */
		8890807D221BC3BB00A3044D /* Frameworks */ = {
			isa = PBXFrameworksBuildPhase;
			buildActionMask = 2147483647;
			files = (
				A294C773089CDA3AAEC1DF95 /* Pods_GonetApp.framework in Frameworks */,
			);
			runOnlyForDeploymentPostprocessing = 0;
		};
		88908094221BC3BD00A3044D /* Frameworks */ = {
			isa = PBXFrameworksBuildPhase;
			buildActionMask = 2147483647;
			files = (
				E3F5D7C13C8EB1F11CF74C8F /* Pods_GonetAppTests.framework in Frameworks */,
			);
			runOnlyForDeploymentPostprocessing = 0;
		};
		8890809F221BC3BD00A3044D /* Frameworks */ = {
			isa = PBXFrameworksBuildPhase;
			buildActionMask = 2147483647;
			files = (
				8234B948427E698A2F90DDE8 /* Pods_GonetAppUITests.framework in Frameworks */,
			);
			runOnlyForDeploymentPostprocessing = 0;
		};
/* End PBXFrameworksBuildPhase section */

/* Begin PBXGroup section */
		2027DE1F9ED8A83BDEF91944 /* Pods */ = {
			isa = PBXGroup;
			children = (
				095DA7DB559169FA3B29A770 /* Pods-GonetApp.debug.xcconfig */,
				924A04A6D6625D4FD933CA22 /* Pods-GonetApp.release.xcconfig */,
				0A2E476798897CA15EF324FE /* Pods-GonetAppTests.debug.xcconfig */,
				42E7047A02DD80031A518A01 /* Pods-GonetAppTests.release.xcconfig */,
				9365A999643B17392BCAD2F7 /* Pods-GonetAppUITests.debug.xcconfig */,
				8DFE12211BC26FACC275361A /* Pods-GonetAppUITests.release.xcconfig */,
			);
			path = Pods;
			sourceTree = "<group>";
		};
		88908077221BC3BB00A3044D = {
			isa = PBXGroup;
			children = (
				88908082221BC3BB00A3044D /* GonetApp */,
				8890809A221BC3BD00A3044D /* GonetAppTests */,
				889080A5221BC3BD00A3044D /* GonetAppUITests */,
				88908081221BC3BB00A3044D /* Products */,
				2027DE1F9ED8A83BDEF91944 /* Pods */,
				892086E6DCEFA8CD7243BED1 /* Frameworks */,
			);
			sourceTree = "<group>";
		};
		88908081221BC3BB00A3044D /* Products */ = {
			isa = PBXGroup;
			children = (
				88908080221BC3BB00A3044D /* GonetApp.app */,
				88908097221BC3BD00A3044D /* GonetAppTests.xctest */,
				889080A2221BC3BD00A3044D /* GonetAppUITests.xctest */,
			);
			name = Products;
			sourceTree = "<group>";
		};
		88908082221BC3BB00A3044D /* GonetApp */ = {
			isa = PBXGroup;
			children = (
				88908083221BC3BB00A3044D /* AppDelegate.swift */,
				88908085221BC3BB00A3044D /* ViewController.swift */,
				88908087221BC3BB00A3044D /* Main.storyboard */,
				88632B8422239717006B0F16 /* HomeViewController.swift */,
				889080B6221BC41000A3044D /* LogIn */,
				8890808D221BC3BD00A3044D /* Assets.xcassets */,
				8890808F221BC3BD00A3044D /* LaunchScreen.storyboard */,
				88908092221BC3BD00A3044D /* Info.plist */,
				889080B9221C943800A3044D /* GoogleService-Info.plist */,
				8890808A221BC3BB00A3044D /* GonetApp.xcdatamodeld */,
			);
			path = GonetApp;
			sourceTree = "<group>";
		};
		8890809A221BC3BD00A3044D /* GonetAppTests */ = {
			isa = PBXGroup;
			children = (
				8890809B221BC3BD00A3044D /* GonetAppTests.swift */,
				8890809D221BC3BD00A3044D /* Info.plist */,
			);
			path = GonetAppTests;
			sourceTree = "<group>";
		};
		889080A5221BC3BD00A3044D /* GonetAppUITests */ = {
			isa = PBXGroup;
			children = (
				889080A6221BC3BD00A3044D /* GonetAppUITests.swift */,
				889080A8221BC3BD00A3044D /* Info.plist */,
			);
			path = GonetAppUITests;
			sourceTree = "<group>";
		};
		889080B6221BC41000A3044D /* LogIn */ = {
			isa = PBXGroup;
			children = (
				889080B4221BC40B00A3044D /* LogInViewController.swift */,
			);
			name = LogIn;
			sourceTree = "<group>";
		};
		892086E6DCEFA8CD7243BED1 /* Frameworks */ = {
			isa = PBXGroup;
			children = (
				B91DE092B34B398E59FDB196 /* Pods_GonetApp.framework */,
				1D261E115FDCB61B831C3787 /* Pods_GonetAppTests.framework */,
				C1E93C7130AF804F6327EF36 /* Pods_GonetAppUITests.framework */,
			);
			name = Frameworks;
			sourceTree = "<group>";
		};
/* End PBXGroup section */

/* Begin PBXNativeTarget section */
		8890807F221BC3BB00A3044D /* GonetApp */ = {
			isa = PBXNativeTarget;
			buildConfigurationList = 889080AB221BC3BD00A3044D /* Build configuration list for PBXNativeTarget "GonetApp" */;
			buildPhases = (
				2808BCC3B73A1D72267711B3 /* [CP] Check Pods Manifest.lock */,
				8890807C221BC3BB00A3044D /* Sources */,
				8890807D221BC3BB00A3044D /* Frameworks */,
				8890807E221BC3BB00A3044D /* Resources */,
				DEC028B9EE2D6D6F2AF07187 /* [CP] Embed Pods Frameworks */,
				553C5769B4180116BC20D559 /* [CP] Copy Pods Resources */,
			);
			buildRules = (
			);
			dependencies = (
			);
			name = GonetApp;
			productName = GonetApp;
			productReference = 88908080221BC3BB00A3044D /* GonetApp.app */;
			productType = "com.apple.product-type.application";
		};
		88908096221BC3BD00A3044D /* GonetAppTests */ = {
			isa = PBXNativeTarget;
			buildConfigurationList = 889080AE221BC3BD00A3044D /* Build configuration list for PBXNativeTarget "GonetAppTests" */;
			buildPhases = (
				2CC3E786A065C64BB94D974B /* [CP] Check Pods Manifest.lock */,
				88908093221BC3BD00A3044D /* Sources */,
				88908094221BC3BD00A3044D /* Frameworks */,
				88908095221BC3BD00A3044D /* Resources */,
			);
			buildRules = (
			);
			dependencies = (
				88908099221BC3BD00A3044D /* PBXTargetDependency */,
			);
			name = GonetAppTests;
			productName = GonetAppTests;
			productReference = 88908097221BC3BD00A3044D /* GonetAppTests.xctest */;
			productType = "com.apple.product-type.bundle.unit-test";
		};
		889080A1221BC3BD00A3044D /* GonetAppUITests */ = {
			isa = PBXNativeTarget;
			buildConfigurationList = 889080B1221BC3BD00A3044D /* Build configuration list for PBXNativeTarget "GonetAppUITests" */;
			buildPhases = (
				A7598524D1F8757CC42288A0 /* [CP] Check Pods Manifest.lock */,
				8890809E221BC3BD00A3044D /* Sources */,
				8890809F221BC3BD00A3044D /* Frameworks */,
				889080A0221BC3BD00A3044D /* Resources */,
			);
			buildRules = (
			);
			dependencies = (
				889080A4221BC3BD00A3044D /* PBXTargetDependency */,
			);
			name = GonetAppUITests;
			productName = GonetAppUITests;
			productReference = 889080A2221BC3BD00A3044D /* GonetAppUITests.xctest */;
			productType = "com.apple.product-type.bundle.ui-testing";
		};
/* End PBXNativeTarget section */

/* Begin PBXProject section */
		88908078221BC3BB00A3044D /* Project object */ = {
			isa = PBXProject;
			attributes = {
				LastSwiftUpdateCheck = 1010;
				LastUpgradeCheck = 1010;
				ORGANIZATIONNAME = Gonet;
				TargetAttributes = {
					8890807F221BC3BB00A3044D = {
						CreatedOnToolsVersion = 10.1;
					};
					88908096221BC3BD00A3044D = {
						CreatedOnToolsVersion = 10.1;
						TestTargetID = 8890807F221BC3BB00A3044D;
					};
					889080A1221BC3BD00A3044D = {
						CreatedOnToolsVersion = 10.1;
						TestTargetID = 8890807F221BC3BB00A3044D;
					};
				};
			};
			buildConfigurationList = 8890807B221BC3BB00A3044D /* Build configuration list for PBXProject "GonetApp" */;
			compatibilityVersion = "Xcode 9.3";
			developmentRegion = en;
			hasScannedForEncodings = 0;
			knownRegions = (
				en,
				Base,
			);
			mainGroup = 88908077221BC3BB00A3044D;
			productRefGroup = 88908081221BC3BB00A3044D /* Products */;
			projectDirPath = "";
			projectRoot = "";
			targets = (
				8890807F221BC3BB00A3044D /* GonetApp */,
				88908096221BC3BD00A3044D /* GonetAppTests */,
				889080A1221BC3BD00A3044D /* GonetAppUITests */,
			);
		};
/* End PBXProject section */

/* Begin PBXResourcesBuildPhase section */
		8890807E221BC3BB00A3044D /* Resources */ = {
			isa = PBXResourcesBuildPhase;
			buildActionMask = 2147483647;
			files = (
				88908091221BC3BD00A3044D /* LaunchScreen.storyboard in Resources */,
				889080BA221C943800A3044D /* GoogleService-Info.plist in Resources */,
				8890808E221BC3BD00A3044D /* Assets.xcassets in Resources */,
				88908089221BC3BB00A3044D /* Main.storyboard in Resources */,
			);
			runOnlyForDeploymentPostprocessing = 0;
		};
		88908095221BC3BD00A3044D /* Resources */ = {
			isa = PBXResourcesBuildPhase;
			buildActionMask = 2147483647;
			files = (
			);
			runOnlyForDeploymentPostprocessing = 0;
		};
		889080A0221BC3BD00A3044D /* Resources */ = {
			isa = PBXResourcesBuildPhase;
			buildActionMask = 2147483647;
			files = (
			);
			runOnlyForDeploymentPostprocessing = 0;
		};
/* End PBXResourcesBuildPhase section */

/* Begin PBXShellScriptBuildPhase section */
		2808BCC3B73A1D72267711B3 /* [CP] Check Pods Manifest.lock */ = {
			isa = PBXShellScriptBuildPhase;
			buildActionMask = 2147483647;
			files = (
			);
			inputFileListPaths = (
			);
			inputPaths = (
				"${PODS_PODFILE_DIR_PATH}/Podfile.lock",
				"${PODS_ROOT}/Manifest.lock",
			);
			name = "[CP] Check Pods Manifest.lock";
			outputFileListPaths = (
			);
			outputPaths = (
				"$(DERIVED_FILE_DIR)/Pods-GonetApp-checkManifestLockResult.txt",
			);
			runOnlyForDeploymentPostprocessing = 0;
			shellPath = /bin/sh;
			shellScript = "diff \"${PODS_PODFILE_DIR_PATH}/Podfile.lock\" \"${PODS_ROOT}/Manifest.lock\" > /dev/null\nif [ $? != 0 ] ; then\n    # print error to STDERR\n    echo \"error: The sandbox is not in sync with the Podfile.lock. Run 'pod install' or update your CocoaPods installation.\" >&2\n    exit 1\nfi\n# This output is used by Xcode 'outputs' to avoid re-running this script phase.\necho \"SUCCESS\" > \"${SCRIPT_OUTPUT_FILE_0}\"\n";
			showEnvVarsInLog = 0;
		};
		2CC3E786A065C64BB94D974B /* [CP] Check Pods Manifest.lock */ = {
			isa = PBXShellScriptBuildPhase;
			buildActionMask = 2147483647;
			files = (
			);
			inputFileListPaths = (
			);
			inputPaths = (
				"${PODS_PODFILE_DIR_PATH}/Podfile.lock",
				"${PODS_ROOT}/Manifest.lock",
			);
			name = "[CP] Check Pods Manifest.lock";
			outputFileListPaths = (
			);
			outputPaths = (
				"$(DERIVED_FILE_DIR)/Pods-GonetAppTests-checkManifestLockResult.txt",
			);
			runOnlyForDeploymentPostprocessing = 0;
			shellPath = /bin/sh;
			shellScript = "diff \"${PODS_PODFILE_DIR_PATH}/Podfile.lock\" \"${PODS_ROOT}/Manifest.lock\" > /dev/null\nif [ $? != 0 ] ; then\n    # print error to STDERR\n    echo \"error: The sandbox is not in sync with the Podfile.lock. Run 'pod install' or update your CocoaPods installation.\" >&2\n    exit 1\nfi\n# This output is used by Xcode 'outputs' to avoid re-running this script phase.\necho \"SUCCESS\" > \"${SCRIPT_OUTPUT_FILE_0}\"\n";
			showEnvVarsInLog = 0;
		};
		553C5769B4180116BC20D559 /* [CP] Copy Pods Resources */ = {
			isa = PBXShellScriptBuildPhase;
			buildActionMask = 2147483647;
			files = (
			);
			inputFileListPaths = (
			);
			inputPaths = (
				"${PODS_ROOT}/Target Support Files/Pods-GonetApp/Pods-GonetApp-resources.sh",
				"${PODS_ROOT}/GoogleSignIn/Resources/GoogleSignIn.bundle",
			);
			name = "[CP] Copy Pods Resources";
			outputFileListPaths = (
			);
			outputPaths = (
				"${TARGET_BUILD_DIR}/${UNLOCALIZED_RESOURCES_FOLDER_PATH}/GoogleSignIn.bundle",
			);
			runOnlyForDeploymentPostprocessing = 0;
			shellPath = /bin/sh;
			shellScript = "\"${PODS_ROOT}/Target Support Files/Pods-GonetApp/Pods-GonetApp-resources.sh\"\n";
			showEnvVarsInLog = 0;
		};
		A7598524D1F8757CC42288A0 /* [CP] Check Pods Manifest.lock */ = {
			isa = PBXShellScriptBuildPhase;
			buildActionMask = 2147483647;
			files = (
			);
			inputFileListPaths = (
			);
			inputPaths = (
				"${PODS_PODFILE_DIR_PATH}/Podfile.lock",
				"${PODS_ROOT}/Manifest.lock",
			);
			name = "[CP] Check Pods Manifest.lock";
			outputFileListPaths = (
			);
			outputPaths = (
				"$(DERIVED_FILE_DIR)/Pods-GonetAppUITests-checkManifestLockResult.txt",
			);
			runOnlyForDeploymentPostprocessing = 0;
			shellPath = /bin/sh;
			shellScript = "diff \"${PODS_PODFILE_DIR_PATH}/Podfile.lock\" \"${PODS_ROOT}/Manifest.lock\" > /dev/null\nif [ $? != 0 ] ; then\n    # print error to STDERR\n    echo \"error: The sandbox is not in sync with the Podfile.lock. Run 'pod install' or update your CocoaPods installation.\" >&2\n    exit 1\nfi\n# This output is used by Xcode 'outputs' to avoid re-running this script phase.\necho \"SUCCESS\" > \"${SCRIPT_OUTPUT_FILE_0}\"\n";
			showEnvVarsInLog = 0;
		};
		DEC028B9EE2D6D6F2AF07187 /* [CP] Embed Pods Frameworks */ = {
			isa = PBXShellScriptBuildPhase;
			buildActionMask = 2147483647;
			files = (
			);
			inputFileListPaths = (
			);
			inputPaths = (
				"${PODS_ROOT}/Target Support Files/Pods-GonetApp/Pods-GonetApp-frameworks.sh",
				"${BUILT_PRODUCTS_DIR}/BoringSSL-GRPC/openssl_grpc.framework",
				"${BUILT_PRODUCTS_DIR}/GTMSessionFetcher/GTMSessionFetcher.framework",
				"${BUILT_PRODUCTS_DIR}/GoogleToolboxForMac/GoogleToolboxForMac.framework",
				"${BUILT_PRODUCTS_DIR}/GoogleUtilities/GoogleUtilities.framework",
				"${BUILT_PRODUCTS_DIR}/Protobuf/Protobuf.framework",
				"${BUILT_PRODUCTS_DIR}/gRPC-C++/grpcpp.framework",
				"${BUILT_PRODUCTS_DIR}/gRPC-Core/grpc.framework",
				"${BUILT_PRODUCTS_DIR}/leveldb-library/leveldb.framework",
				"${BUILT_PRODUCTS_DIR}/nanopb/nanopb.framework",
			);
			name = "[CP] Embed Pods Frameworks";
			outputFileListPaths = (
			);
			outputPaths = (
				"${TARGET_BUILD_DIR}/${FRAMEWORKS_FOLDER_PATH}/openssl_grpc.framework",
				"${TARGET_BUILD_DIR}/${FRAMEWORKS_FOLDER_PATH}/GTMSessionFetcher.framework",
				"${TARGET_BUILD_DIR}/${FRAMEWORKS_FOLDER_PATH}/GoogleToolboxForMac.framework",
				"${TARGET_BUILD_DIR}/${FRAMEWORKS_FOLDER_PATH}/GoogleUtilities.framework",
				"${TARGET_BUILD_DIR}/${FRAMEWORKS_FOLDER_PATH}/Protobuf.framework",
				"${TARGET_BUILD_DIR}/${FRAMEWORKS_FOLDER_PATH}/grpcpp.framework",
				"${TARGET_BUILD_DIR}/${FRAMEWORKS_FOLDER_PATH}/grpc.framework",
				"${TARGET_BUILD_DIR}/${FRAMEWORKS_FOLDER_PATH}/leveldb.framework",
				"${TARGET_BUILD_DIR}/${FRAMEWORKS_FOLDER_PATH}/nanopb.framework",
			);
			runOnlyForDeploymentPostprocessing = 0;
			shellPath = /bin/sh;
			shellScript = "\"${PODS_ROOT}/Target Support Files/Pods-GonetApp/Pods-GonetApp-frameworks.sh\"\n";
			showEnvVarsInLog = 0;
		};
/* End PBXShellScriptBuildPhase section */

/* Begin PBXSourcesBuildPhase section */
		8890807C221BC3BB00A3044D /* Sources */ = {
			isa = PBXSourcesBuildPhase;
			buildActionMask = 2147483647;
			files = (
				88632B8522239717006B0F16 /* HomeViewController.swift in Sources */,
				889080B5221BC40B00A3044D /* LogInViewController.swift in Sources */,
				88908086221BC3BB00A3044D /* ViewController.swift in Sources */,
				88908084221BC3BB00A3044D /* AppDelegate.swift in Sources */,
				8890808C221BC3BB00A3044D /* GonetApp.xcdatamodeld in Sources */,
			);
			runOnlyForDeploymentPostprocessing = 0;
		};
		88908093221BC3BD00A3044D /* Sources */ = {
			isa = PBXSourcesBuildPhase;
			buildActionMask = 2147483647;
			files = (
				8890809C221BC3BD00A3044D /* GonetAppTests.swift in Sources */,
			);
			runOnlyForDeploymentPostprocessing = 0;
		};
		8890809E221BC3BD00A3044D /* Sources */ = {
			isa = PBXSourcesBuildPhase;
			buildActionMask = 2147483647;
			files = (
				889080A7221BC3BD00A3044D /* GonetAppUITests.swift in Sources */,
			);
			runOnlyForDeploymentPostprocessing = 0;
		};
/* End PBXSourcesBuildPhase section */

/* Begin PBXTargetDependency section */
		88908099221BC3BD00A3044D /* PBXTargetDependency */ = {
			isa = PBXTargetDependency;
			target = 8890807F221BC3BB00A3044D /* GonetApp */;
			targetProxy = 88908098221BC3BD00A3044D /* PBXContainerItemProxy */;
		};
		889080A4221BC3BD00A3044D /* PBXTargetDependency */ = {
			isa = PBXTargetDependency;
			target = 8890807F221BC3BB00A3044D /* GonetApp */;
			targetProxy = 889080A3221BC3BD00A3044D /* PBXContainerItemProxy */;
		};
/* End PBXTargetDependency section */

/* Begin PBXVariantGroup section */
		88908087221BC3BB00A3044D /* Main.storyboard */ = {
			isa = PBXVariantGroup;
			children = (
				88908088221BC3BB00A3044D /* Base */,
			);
			name = Main.storyboard;
			sourceTree = "<group>";
		};
		8890808F221BC3BD00A3044D /* LaunchScreen.storyboard */ = {
			isa = PBXVariantGroup;
			children = (
				88908090221BC3BD00A3044D /* Base */,
			);
			name = LaunchScreen.storyboard;
			sourceTree = "<group>";
		};
/* End PBXVariantGroup section */

/* Begin XCBuildConfiguration section */
		889080A9221BC3BD00A3044D /* Debug */ = {
			isa = XCBuildConfiguration;
			buildSettings = {
				ALWAYS_SEARCH_USER_PATHS = NO;
				CLANG_ANALYZER_NONNULL = YES;
				CLANG_ANALYZER_NUMBER_OBJECT_CONVERSION = YES_AGGRESSIVE;
				CLANG_CXX_LANGUAGE_STANDARD = "gnu++14";
				CLANG_CXX_LIBRARY = "libc++";
				CLANG_ENABLE_MODULES = YES;
				CLANG_ENABLE_OBJC_ARC = YES;
				CLANG_ENABLE_OBJC_WEAK = YES;
				CLANG_WARN_BLOCK_CAPTURE_AUTORELEASING = YES;
				CLANG_WARN_BOOL_CONVERSION = YES;
				CLANG_WARN_COMMA = YES;
				CLANG_WARN_CONSTANT_CONVERSION = YES;
				CLANG_WARN_DEPRECATED_OBJC_IMPLEMENTATIONS = YES;
				CLANG_WARN_DIRECT_OBJC_ISA_USAGE = YES_ERROR;
				CLANG_WARN_DOCUMENTATION_COMMENTS = YES;
				CLANG_WARN_EMPTY_BODY = YES;
				CLANG_WARN_ENUM_CONVERSION = YES;
				CLANG_WARN_INFINITE_RECURSION = YES;
				CLANG_WARN_INT_CONVERSION = YES;
				CLANG_WARN_NON_LITERAL_NULL_CONVERSION = YES;
				CLANG_WARN_OBJC_IMPLICIT_RETAIN_SELF = YES;
				CLANG_WARN_OBJC_LITERAL_CONVERSION = YES;
				CLANG_WARN_OBJC_ROOT_CLASS = YES_ERROR;
				CLANG_WARN_RANGE_LOOP_ANALYSIS = YES;
				CLANG_WARN_STRICT_PROTOTYPES = YES;
				CLANG_WARN_SUSPICIOUS_MOVE = YES;
				CLANG_WARN_UNGUARDED_AVAILABILITY = YES_AGGRESSIVE;
				CLANG_WARN_UNREACHABLE_CODE = YES;
				CLANG_WARN__DUPLICATE_METHOD_MATCH = YES;
				CODE_SIGN_IDENTITY = "iPhone Developer";
				COPY_PHASE_STRIP = NO;
				DEBUG_INFORMATION_FORMAT = dwarf;
				ENABLE_STRICT_OBJC_MSGSEND = YES;
				ENABLE_TESTABILITY = YES;
				GCC_C_LANGUAGE_STANDARD = gnu11;
				GCC_DYNAMIC_NO_PIC = NO;
				GCC_NO_COMMON_BLOCKS = YES;
				GCC_OPTIMIZATION_LEVEL = 0;
				GCC_PREPROCESSOR_DEFINITIONS = (
					"DEBUG=1",
					"$(inherited)",
				);
				GCC_WARN_64_TO_32_BIT_CONVERSION = YES;
				GCC_WARN_ABOUT_RETURN_TYPE = YES_ERROR;
				GCC_WARN_UNDECLARED_SELECTOR = YES;
				GCC_WARN_UNINITIALIZED_AUTOS = YES_AGGRESSIVE;
				GCC_WARN_UNUSED_FUNCTION = YES;
				GCC_WARN_UNUSED_VARIABLE = YES;
				IPHONEOS_DEPLOYMENT_TARGET = 12.1;
				MTL_ENABLE_DEBUG_INFO = INCLUDE_SOURCE;
				MTL_FAST_MATH = YES;
				ONLY_ACTIVE_ARCH = YES;
				SDKROOT = iphoneos;
				SWIFT_ACTIVE_COMPILATION_CONDITIONS = DEBUG;
				SWIFT_OPTIMIZATION_LEVEL = "-Onone";
			};
			name = Debug;
		};
		889080AA221BC3BD00A3044D /* Release */ = {
			isa = XCBuildConfiguration;
			buildSettings = {
				ALWAYS_SEARCH_USER_PATHS = NO;
				CLANG_ANALYZER_NONNULL = YES;
				CLANG_ANALYZER_NUMBER_OBJECT_CONVERSION = YES_AGGRESSIVE;
				CLANG_CXX_LANGUAGE_STANDARD = "gnu++14";
				CLANG_CXX_LIBRARY = "libc++";
				CLANG_ENABLE_MODULES = YES;
				CLANG_ENABLE_OBJC_ARC = YES;
				CLANG_ENABLE_OBJC_WEAK = YES;
				CLANG_WARN_BLOCK_CAPTURE_AUTORELEASING = YES;
				CLANG_WARN_BOOL_CONVERSION = YES;
				CLANG_WARN_COMMA = YES;
				CLANG_WARN_CONSTANT_CONVERSION = YES;
				CLANG_WARN_DEPRECATED_OBJC_IMPLEMENTATIONS = YES;
				CLANG_WARN_DIRECT_OBJC_ISA_USAGE = YES_ERROR;
				CLANG_WARN_DOCUMENTATION_COMMENTS = YES;
				CLANG_WARN_EMPTY_BODY = YES;
				CLANG_WARN_ENUM_CONVERSION = YES;
				CLANG_WARN_INFINITE_RECURSION = YES;
				CLANG_WARN_INT_CONVERSION = YES;
				CLANG_WARN_NON_LITERAL_NULL_CONVERSION = YES;
				CLANG_WARN_OBJC_IMPLICIT_RETAIN_SELF = YES;
				CLANG_WARN_OBJC_LITERAL_CONVERSION = YES;
				CLANG_WARN_OBJC_ROOT_CLASS = YES_ERROR;
				CLANG_WARN_RANGE_LOOP_ANALYSIS = YES;
				CLANG_WARN_STRICT_PROTOTYPES = YES;
				CLANG_WARN_SUSPICIOUS_MOVE = YES;
				CLANG_WARN_UNGUARDED_AVAILABILITY = YES_AGGRESSIVE;
				CLANG_WARN_UNREACHABLE_CODE = YES;
				CLANG_WARN__DUPLICATE_METHOD_MATCH = YES;
				CODE_SIGN_IDENTITY = "iPhone Developer";
				COPY_PHASE_STRIP = NO;
				DEBUG_INFORMATION_FORMAT = "dwarf-with-dsym";
				ENABLE_NS_ASSERTIONS = NO;
				ENABLE_STRICT_OBJC_MSGSEND = YES;
				GCC_C_LANGUAGE_STANDARD = gnu11;
				GCC_NO_COMMON_BLOCKS = YES;
				GCC_WARN_64_TO_32_BIT_CONVERSION = YES;
				GCC_WARN_ABOUT_RETURN_TYPE = YES_ERROR;
				GCC_WARN_UNDECLARED_SELECTOR = YES;
				GCC_WARN_UNINITIALIZED_AUTOS = YES_AGGRESSIVE;
				GCC_WARN_UNUSED_FUNCTION = YES;
				GCC_WARN_UNUSED_VARIABLE = YES;
				IPHONEOS_DEPLOYMENT_TARGET = 12.1;
				MTL_ENABLE_DEBUG_INFO = NO;
				MTL_FAST_MATH = YES;
				SDKROOT = iphoneos;
				SWIFT_COMPILATION_MODE = wholemodule;
				SWIFT_OPTIMIZATION_LEVEL = "-O";
				VALIDATE_PRODUCT = YES;
			};
			name = Release;
		};
		889080AC221BC3BD00A3044D /* Debug */ = {
			isa = XCBuildConfiguration;
			baseConfigurationReference = 095DA7DB559169FA3B29A770 /* Pods-GonetApp.debug.xcconfig */;
			buildSettings = {
				ASSETCATALOG_COMPILER_APPICON_NAME = AppIcon;
				CODE_SIGN_STYLE = Automatic;
				DEVELOPMENT_TEAM = 2KAGQ44QH8;
				INFOPLIST_FILE = GonetApp/Info.plist;
				LD_RUNPATH_SEARCH_PATHS = (
					"$(inherited)",
					"@executable_path/Frameworks",
				);
				PRODUCT_BUNDLE_IDENTIFIER = Gonet.GonetApp;
				PRODUCT_NAME = "$(TARGET_NAME)";
				SWIFT_VERSION = 4.2;
				TARGETED_DEVICE_FAMILY = 1;
			};
			name = Debug;
		};
		889080AD221BC3BD00A3044D /* Release */ = {
			isa = XCBuildConfiguration;
			baseConfigurationReference = 924A04A6D6625D4FD933CA22 /* Pods-GonetApp.release.xcconfig */;
			buildSettings = {
				ASSETCATALOG_COMPILER_APPICON_NAME = AppIcon;
				CODE_SIGN_STYLE = Automatic;
				DEVELOPMENT_TEAM = 2KAGQ44QH8;
				INFOPLIST_FILE = GonetApp/Info.plist;
				LD_RUNPATH_SEARCH_PATHS = (
					"$(inherited)",
					"@executable_path/Frameworks",
				);
				PRODUCT_BUNDLE_IDENTIFIER = Gonet.GonetApp;
				PRODUCT_NAME = "$(TARGET_NAME)";
				SWIFT_VERSION = 4.2;
				TARGETED_DEVICE_FAMILY = 1;
			};
			name = Release;
		};
		889080AF221BC3BD00A3044D /* Debug */ = {
			isa = XCBuildConfiguration;
			baseConfigurationReference = 0A2E476798897CA15EF324FE /* Pods-GonetAppTests.debug.xcconfig */;
			buildSettings = {
				ALWAYS_EMBED_SWIFT_STANDARD_LIBRARIES = YES;
				BUNDLE_LOADER = "$(TEST_HOST)";
				CODE_SIGN_STYLE = Automatic;
				DEVELOPMENT_TEAM = 2KAGQ44QH8;
				INFOPLIST_FILE = GonetAppTests/Info.plist;
				LD_RUNPATH_SEARCH_PATHS = (
					"$(inherited)",
					"@executable_path/Frameworks",
					"@loader_path/Frameworks",
				);
				PRODUCT_BUNDLE_IDENTIFIER = Gonet.GonetAppTests;
				PRODUCT_NAME = "$(TARGET_NAME)";
				SWIFT_VERSION = 4.2;
				TARGETED_DEVICE_FAMILY = "1,2";
				TEST_HOST = "$(BUILT_PRODUCTS_DIR)/GonetApp.app/GonetApp";
			};
			name = Debug;
		};
		889080B0221BC3BD00A3044D /* Release */ = {
			isa = XCBuildConfiguration;
			baseConfigurationReference = 42E7047A02DD80031A518A01 /* Pods-GonetAppTests.release.xcconfig */;
			buildSettings = {
				ALWAYS_EMBED_SWIFT_STANDARD_LIBRARIES = YES;
				BUNDLE_LOADER = "$(TEST_HOST)";
				CODE_SIGN_STYLE = Automatic;
				DEVELOPMENT_TEAM = 2KAGQ44QH8;
				INFOPLIST_FILE = GonetAppTests/Info.plist;
				LD_RUNPATH_SEARCH_PATHS = (
					"$(inherited)",
					"@executable_path/Frameworks",
					"@loader_path/Frameworks",
				);
				PRODUCT_BUNDLE_IDENTIFIER = Gonet.GonetAppTests;
				PRODUCT_NAME = "$(TARGET_NAME)";
				SWIFT_VERSION = 4.2;
				TARGETED_DEVICE_FAMILY = "1,2";
				TEST_HOST = "$(BUILT_PRODUCTS_DIR)/GonetApp.app/GonetApp";
			};
			name = Release;
		};
		889080B2221BC3BD00A3044D /* Debug */ = {
			isa = XCBuildConfiguration;
			baseConfigurationReference = 9365A999643B17392BCAD2F7 /* Pods-GonetAppUITests.debug.xcconfig */;
			buildSettings = {
				ALWAYS_EMBED_SWIFT_STANDARD_LIBRARIES = YES;
				CODE_SIGN_STYLE = Automatic;
				DEVELOPMENT_TEAM = 2KAGQ44QH8;
				INFOPLIST_FILE = GonetAppUITests/Info.plist;
				LD_RUNPATH_SEARCH_PATHS = (
					"$(inherited)",
					"@executable_path/Frameworks",
					"@loader_path/Frameworks",
				);
				PRODUCT_BUNDLE_IDENTIFIER = Gonet.GonetAppUITests;
				PRODUCT_NAME = "$(TARGET_NAME)";
				SWIFT_VERSION = 4.2;
				TARGETED_DEVICE_FAMILY = "1,2";
				TEST_TARGET_NAME = GonetApp;
			};
			name = Debug;
		};
		889080B3221BC3BD00A3044D /* Release */ = {
			isa = XCBuildConfiguration;
			baseConfigurationReference = 8DFE12211BC26FACC275361A /* Pods-GonetAppUITests.release.xcconfig */;
			buildSettings = {
				ALWAYS_EMBED_SWIFT_STANDARD_LIBRARIES = YES;
				CODE_SIGN_STYLE = Automatic;
				DEVELOPMENT_TEAM = 2KAGQ44QH8;
				INFOPLIST_FILE = GonetAppUITests/Info.plist;
				LD_RUNPATH_SEARCH_PATHS = (
					"$(inherited)",
					"@executable_path/Frameworks",
					"@loader_path/Frameworks",
				);
				PRODUCT_BUNDLE_IDENTIFIER = Gonet.GonetAppUITests;
				PRODUCT_NAME = "$(TARGET_NAME)";
				SWIFT_VERSION = 4.2;
				TARGETED_DEVICE_FAMILY = "1,2";
				TEST_TARGET_NAME = GonetApp;
			};
			name = Release;
		};
/* End XCBuildConfiguration section */

/* Begin XCConfigurationList section */
		8890807B221BC3BB00A3044D /* Build configuration list for PBXProject "GonetApp" */ = {
			isa = XCConfigurationList;
			buildConfigurations = (
				889080A9221BC3BD00A3044D /* Debug */,
				889080AA221BC3BD00A3044D /* Release */,
			);
			defaultConfigurationIsVisible = 0;
			defaultConfigurationName = Release;
		};
		889080AB221BC3BD00A3044D /* Build configuration list for PBXNativeTarget "GonetApp" */ = {
			isa = XCConfigurationList;
			buildConfigurations = (
				889080AC221BC3BD00A3044D /* Debug */,
				889080AD221BC3BD00A3044D /* Release */,
			);
			defaultConfigurationIsVisible = 0;
			defaultConfigurationName = Release;
		};
		889080AE221BC3BD00A3044D /* Build configuration list for PBXNativeTarget "GonetAppTests" */ = {
			isa = XCConfigurationList;
			buildConfigurations = (
				889080AF221BC3BD00A3044D /* Debug */,
				889080B0221BC3BD00A3044D /* Release */,
			);
			defaultConfigurationIsVisible = 0;
			defaultConfigurationName = Release;
		};
		889080B1221BC3BD00A3044D /* Build configuration list for PBXNativeTarget "GonetAppUITests" */ = {
			isa = XCConfigurationList;
			buildConfigurations = (
				889080B2221BC3BD00A3044D /* Debug */,
				889080B3221BC3BD00A3044D /* Release */,
			);
			defaultConfigurationIsVisible = 0;
			defaultConfigurationName = Release;
		};
/* End XCConfigurationList section */

/* Begin XCVersionGroup section */
		8890808A221BC3BB00A3044D /* GonetApp.xcdatamodeld */ = {
			isa = XCVersionGroup;
			children = (
				8890808B221BC3BB00A3044D /* GonetApp.xcdatamodel */,
			);
			currentVersion = 8890808B221BC3BB00A3044D /* GonetApp.xcdatamodel */;
			path = GonetApp.xcdatamodeld;
			sourceTree = "<group>";
			versionGroupType = wrapper.xcdatamodel;
		};
/* End XCVersionGroup section */
	};
	rootObject = 88908078221BC3BB00A3044D /* Project object */;
}
